// !$*UTF8*$!
{
	archiveVersion = 1;
	classes = {
	};
	objectVersion = 50;
	objects = {

/* Begin PBXBuildFile section */
		3F261830219C0C6E006ECEBF /* AppDelegate.swift in Sources */ = {isa = PBXBuildFile; fileRef = 3F26182F219C0C6E006ECEBF /* AppDelegate.swift */; };
		3F261835219C0C6E006ECEBF /* Main.storyboard in Resources */ = {isa = PBXBuildFile; fileRef = 3F261833219C0C6E006ECEBF /* Main.storyboard */; };
		3F261837219C0C70006ECEBF /* Assets.xcassets in Resources */ = {isa = PBXBuildFile; fileRef = 3F261836219C0C70006ECEBF /* Assets.xcassets */; };
		3F26183A219C0C70006ECEBF /* LaunchScreen.storyboard in Resources */ = {isa = PBXBuildFile; fileRef = 3F261838219C0C70006ECEBF /* LaunchScreen.storyboard */; };
		3FF9216421A3F59E009E5A79 /* AlgorithmViewController.swift in Sources */ = {isa = PBXBuildFile; fileRef = 3FF9215D21A3F59E009E5A79 /* AlgorithmViewController.swift */; };
		3FF9216521A3F59E009E5A79 /* CyclicLinkViewController.swift in Sources */ = {isa = PBXBuildFile; fileRef = 3FF9215F21A3F59E009E5A79 /* CyclicLinkViewController.swift */; };
		3FF9216621A3F59E009E5A79 /* DoubleLinkViewController.swift in Sources */ = {isa = PBXBuildFile; fileRef = 3FF9216021A3F59E009E5A79 /* DoubleLinkViewController.swift */; };
		3FF9216721A3F59E009E5A79 /* SingleLinkViewController.swift in Sources */ = {isa = PBXBuildFile; fileRef = 3FF9216121A3F59E009E5A79 /* SingleLinkViewController.swift */; };
		3FF9216821A3F59E009E5A79 /* StaticLinkViewController.swift in Sources */ = {isa = PBXBuildFile; fileRef = 3FF9216221A3F59E009E5A79 /* StaticLinkViewController.swift */; };
		3FF9216921A3F59E009E5A79 /* ViewController.swift in Sources */ = {isa = PBXBuildFile; fileRef = 3FF9216321A3F59E009E5A79 /* ViewController.swift */; };
		3FF9216B21A3F5C0009E5A79 /* PalindromeViewController.swift in Sources */ = {isa = PBXBuildFile; fileRef = 3FF9216A21A3F5C0009E5A79 /* PalindromeViewController.swift */; };
/* End PBXBuildFile section */

/* Begin PBXFileReference section */
		3F26182C219C0C6E006ECEBF /* ZNLink.app */ = {isa = PBXFileReference; explicitFileType = wrapper.application; includeInIndex = 0; path = ZNLink.app; sourceTree = BUILT_PRODUCTS_DIR; };
		3F26182F219C0C6E006ECEBF /* AppDelegate.swift */ = {isa = PBXFileReference; lastKnownFileType = sourcecode.swift; path = AppDelegate.swift; sourceTree = "<group>"; };
		3F261834219C0C6E006ECEBF /* Base */ = {isa = PBXFileReference; lastKnownFileType = file.storyboard; name = Base; path = Base.lproj/Main.storyboard; sourceTree = "<group>"; };
		3F261836219C0C70006ECEBF /* Assets.xcassets */ = {isa = PBXFileReference; lastKnownFileType = folder.assetcatalog; path = Assets.xcassets; sourceTree = "<group>"; };
		3F261839219C0C70006ECEBF /* Base */ = {isa = PBXFileReference; lastKnownFileType = file.storyboard; name = Base; path = Base.lproj/LaunchScreen.storyboard; sourceTree = "<group>"; };
		3F26183B219C0C70006ECEBF /* Info.plist */ = {isa = PBXFileReference; lastKnownFileType = text.plist.xml; path = Info.plist; sourceTree = "<group>"; };
		3FF9215D21A3F59E009E5A79 /* AlgorithmViewController.swift */ = {isa = PBXFileReference; fileEncoding = 4; lastKnownFileType = sourcecode.swift; path = AlgorithmViewController.swift; sourceTree = "<group>"; };
		3FF9215F21A3F59E009E5A79 /* CyclicLinkViewController.swift */ = {isa = PBXFileReference; fileEncoding = 4; lastKnownFileType = sourcecode.swift; path = CyclicLinkViewController.swift; sourceTree = "<group>"; };
		3FF9216021A3F59E009E5A79 /* DoubleLinkViewController.swift */ = {isa = PBXFileReference; fileEncoding = 4; lastKnownFileType = sourcecode.swift; path = DoubleLinkViewController.swift; sourceTree = "<group>"; };
		3FF9216121A3F59E009E5A79 /* SingleLinkViewController.swift */ = {isa = PBXFileReference; fileEncoding = 4; lastKnownFileType = sourcecode.swift; path = SingleLinkViewController.swift; sourceTree = "<group>"; };
		3FF9216221A3F59E009E5A79 /* StaticLinkViewController.swift */ = {isa = PBXFileReference; fileEncoding = 4; lastKnownFileType = sourcecode.swift; path = StaticLinkViewController.swift; sourceTree = "<group>"; };
		3FF9216321A3F59E009E5A79 /* ViewController.swift */ = {isa = PBXFileReference; fileEncoding = 4; lastKnownFileType = sourcecode.swift; path = ViewController.swift; sourceTree = "<group>"; };
		3FF9216A21A3F5C0009E5A79 /* PalindromeViewController.swift */ = {isa = PBXFileReference; lastKnownFileType = sourcecode.swift; path = PalindromeViewController.swift; sourceTree = "<group>"; };
/* End PBXFileReference section */

/* Begin PBXFrameworksBuildPhase section */
		3F261829219C0C6E006ECEBF /* Frameworks */ = {
			isa = PBXFrameworksBuildPhase;
			buildActionMask = 2147483647;
			files = (
			);
			runOnlyForDeploymentPostprocessing = 0;
		};
/* End PBXFrameworksBuildPhase section */

/* Begin PBXGroup section */
		3F261823219C0C6E006ECEBF = {
			isa = PBXGroup;
			children = (
				3F26182E219C0C6E006ECEBF /* ZNLink */,
				3F26182D219C0C6E006ECEBF /* Products */,
			);
			sourceTree = "<group>";
		};
		3F26182D219C0C6E006ECEBF /* Products */ = {
			isa = PBXGroup;
			children = (
				3F26182C219C0C6E006ECEBF /* ZNLink.app */,
			);
			name = Products;
			sourceTree = "<group>";
		};
		3F26182E219C0C6E006ECEBF /* ZNLink */ = {
			isa = PBXGroup;
			children = (
				3F26182F219C0C6E006ECEBF /* AppDelegate.swift */,
				3FF9215E21A3F59E009E5A79 /* Basis */,
				3FF9215C21A3F59E009E5A79 /* Algorithm */,
				3F261833219C0C6E006ECEBF /* Main.storyboard */,
				3F261836219C0C70006ECEBF /* Assets.xcassets */,
				3F261838219C0C70006ECEBF /* LaunchScreen.storyboard */,
				3F26183B219C0C70006ECEBF /* Info.plist */,
			);
			path = ZNLink;
			sourceTree = "<group>";
		};
		3FF9215C21A3F59E009E5A79 /* Algorithm */ = {
			isa = PBXGroup;
			children = (
				3FF9215D21A3F59E009E5A79 /* AlgorithmViewController.swift */,
				3FF9216A21A3F5C0009E5A79 /* PalindromeViewController.swift */,
			);
			path = Algorithm;
			sourceTree = "<group>";
		};
		3FF9215E21A3F59E009E5A79 /* Basis */ = {
			isa = PBXGroup;
			children = (
				3FF9216321A3F59E009E5A79 /* ViewController.swift */,
				3FF9216121A3F59E009E5A79 /* SingleLinkViewController.swift */,
				3FF9216221A3F59E009E5A79 /* StaticLinkViewController.swift */,
				3FF9216021A3F59E009E5A79 /* DoubleLinkViewController.swift */,
				3FF9215F21A3F59E009E5A79 /* CyclicLinkViewController.swift */,
			);
			path = Basis;
			sourceTree = "<group>";
		};
/* End PBXGroup section */

/* Begin PBXNativeTarget section */
		3F26182B219C0C6E006ECEBF /* ZNLink */ = {
			isa = PBXNativeTarget;
			buildConfigurationList = 3F26183E219C0C70006ECEBF /* Build configuration list for PBXNativeTarget "ZNLink" */;
			buildPhases = (
				3F261828219C0C6E006ECEBF /* Sources */,
				3F261829219C0C6E006ECEBF /* Frameworks */,
				3F26182A219C0C6E006ECEBF /* Resources */,
			);
			buildRules = (
			);
			dependencies = (
			);
			name = ZNLink;
			productName = ZNLink;
			productReference = 3F26182C219C0C6E006ECEBF /* ZNLink.app */;
			productType = "com.apple.product-type.application";
		};
/* End PBXNativeTarget section */

/* Begin PBXProject section */
		3F261824219C0C6E006ECEBF /* Project object */ = {
			isa = PBXProject;
			attributes = {
				LastSwiftUpdateCheck = 0940;
				LastUpgradeCheck = 0940;
				ORGANIZATIONNAME = Nix;
				TargetAttributes = {
					3F26182B219C0C6E006ECEBF = {
						CreatedOnToolsVersion = 9.4.1;
					};
				};
			};
			buildConfigurationList = 3F261827219C0C6E006ECEBF /* Build configuration list for PBXProject "ZNLink" */;
			compatibilityVersion = "Xcode 9.3";
			developmentRegion = en;
			hasScannedForEncodings = 0;
			knownRegions = (
				en,
				Base,
			);
			mainGroup = 3F261823219C0C6E006ECEBF;
			productRefGroup = 3F26182D219C0C6E006ECEBF /* Products */;
			projectDirPath = "";
			projectRoot = "";
			targets = (
				3F26182B219C0C6E006ECEBF /* ZNLink */,
			);
		};
/* End PBXProject section */

/* Begin PBXResourcesBuildPhase section */
		3F26182A219C0C6E006ECEBF /* Resources */ = {
			isa = PBXResourcesBuildPhase;
			buildActionMask = 2147483647;
			files = (
				3F26183A219C0C70006ECEBF /* LaunchScreen.storyboard in Resources */,
				3F261837219C0C70006ECEBF /* Assets.xcassets in Resources */,
				3F261835219C0C6E006ECEBF /* Main.storyboard in Resources */,
			);
			runOnlyForDeploymentPostprocessing = 0;
		};
/* End PBXResourcesBuildPhase section */

/* Begin PBXSourcesBuildPhase section */
		3F261828219C0C6E006ECEBF /* Sources */ = {
			isa = PBXSourcesBuildPhase;
			buildActionMask = 2147483647;
			files = (
				3FF9216521A3F59E009E5A79 /* CyclicLinkViewController.swift in Sources */,
				3FF9216721A3F59E009E5A79 /* SingleLinkViewController.swift in Sources */,
				3FF9216621A3F59E009E5A79 /* DoubleLinkViewController.swift in Sources */,
				3FF9216B21A3F5C0009E5A79 /* PalindromeViewController.swift in Sources */,
				3FF9216421A3F59E009E5A79 /* AlgorithmViewController.swift in Sources */,
				3FF9216921A3F59E009E5A79 /* ViewController.swift in Sources */,
				3FF9216821A3F59E009E5A79 /* StaticLinkViewController.swift in Sources */,
				3F261830219C0C6E006ECEBF /* AppDelegate.swift in Sources */,
			);
			runOnlyForDeploymentPostprocessing = 0;
		};
/* End PBXSourcesBuildPhase section */

/* Begin PBXVariantGroup section */
		3F261833219C0C6E006ECEBF /* Main.storyboard */ = {
			isa = PBXVariantGroup;
			children = (
				3F261834219C0C6E006ECEBF /* Base */,
			);
			name = Main.storyboard;
			sourceTree = "<group>";
		};
		3F261838219C0C70006ECEBF /* LaunchScreen.storyboard */ = {
			isa = PBXVariantGroup;
			children = (
				3F261839219C0C70006ECEBF /* Base */,
			);
			name = LaunchScreen.storyboard;
			sourceTree = "<group>";
		};
/* End PBXVariantGroup section */

/* Begin XCBuildConfiguration section */
		3F26183C219C0C70006ECEBF /* Debug */ = {
			isa = XCBuildConfiguration;
			buildSettings = {
				ALWAYS_SEARCH_USER_PATHS = NO;
				CLANG_ANALYZER_NONNULL = YES;
				CLANG_ANALYZER_NUMBER_OBJECT_CONVERSION = YES_AGGRESSIVE;
				CLANG_CXX_LANGUAGE_STANDARD = "gnu++14";
				CLANG_CXX_LIBRARY = "libc++";
				CLANG_ENABLE_MODULES = YES;
				CLANG_ENABLE_OBJC_ARC = YES;
				CLANG_ENABLE_OBJC_WEAK = YES;
				CLANG_WARN_BLOCK_CAPTURE_AUTORELEASING = YES;
				CLANG_WARN_BOOL_CONVERSION = YES;
				CLANG_WARN_COMMA = YES;
				CLANG_WARN_CONSTANT_CONVERSION = YES;
				CLANG_WARN_DEPRECATED_OBJC_IMPLEMENTATIONS = YES;
				CLANG_WARN_DIRECT_OBJC_ISA_USAGE = YES_ERROR;
				CLANG_WARN_DOCUMENTATION_COMMENTS = YES;
				CLANG_WARN_EMPTY_BODY = YES;
				CLANG_WARN_ENUM_CONVERSION = YES;
				CLANG_WARN_INFINITE_RECURSION = YES;
				CLANG_WARN_INT_CONVERSION = YES;
				CLANG_WARN_NON_LITERAL_NULL_CONVERSION = YES;
				CLANG_WARN_OBJC_IMPLICIT_RETAIN_SELF = YES;
				CLANG_WARN_OBJC_LITERAL_CONVERSION = YES;
				CLANG_WARN_OBJC_ROOT_CLASS = YES_ERROR;
				CLANG_WARN_RANGE_LOOP_ANALYSIS = YES;
				CLANG_WARN_STRICT_PROTOTYPES = YES;
				CLANG_WARN_SUSPICIOUS_MOVE = YES;
				CLANG_WARN_UNGUARDED_AVAILABILITY = YES_AGGRESSIVE;
				CLANG_WARN_UNREACHABLE_CODE = YES;
				CLANG_WARN__DUPLICATE_METHOD_MATCH = YES;
				CODE_SIGN_IDENTITY = "iPhone Developer";
				COPY_PHASE_STRIP = NO;
				DEBUG_INFORMATION_FORMAT = dwarf;
				ENABLE_STRICT_OBJC_MSGSEND = YES;
				ENABLE_TESTABILITY = YES;
				GCC_C_LANGUAGE_STANDARD = gnu11;
				GCC_DYNAMIC_NO_PIC = NO;
				GCC_NO_COMMON_BLOCKS = YES;
				GCC_OPTIMIZATION_LEVEL = 0;
				GCC_PREPROCESSOR_DEFINITIONS = (
					"DEBUG=1",
					"$(inherited)",
				);
				GCC_WARN_64_TO_32_BIT_CONVERSION = YES;
				GCC_WARN_ABOUT_RETURN_TYPE = YES_ERROR;
				GCC_WARN_UNDECLARED_SELECTOR = YES;
				GCC_WARN_UNINITIALIZED_AUTOS = YES_AGGRESSIVE;
				GCC_WARN_UNUSED_FUNCTION = YES;
				GCC_WARN_UNUSED_VARIABLE = YES;
				IPHONEOS_DEPLOYMENT_TARGET = 11.4;
				MTL_ENABLE_DEBUG_INFO = YES;
				ONLY_ACTIVE_ARCH = YES;
				SDKROOT = iphoneos;
				SWIFT_ACTIVE_COMPILATION_CONDITIONS = DEBUG;
				SWIFT_OPTIMIZATION_LEVEL = "-Onone";
			};
			name = Debug;
		};
		3F26183D219C0C70006ECEBF /* Release */ = {
			isa = XCBuildConfiguration;
			buildSettings = {
				ALWAYS_SEARCH_USER_PATHS = NO;
				CLANG_ANALYZER_NONNULL = YES;
				CLANG_ANALYZER_NUMBER_OBJECT_CONVERSION = YES_AGGRESSIVE;
				CLANG_CXX_LANGUAGE_STANDARD = "gnu++14";
				CLANG_CXX_LIBRARY = "libc++";
				CLANG_ENABLE_MODULES = YES;
				CLANG_ENABLE_OBJC_ARC = YES;
				CLANG_ENABLE_OBJC_WEAK = YES;
				CLANG_WARN_BLOCK_CAPTURE_AUTORELEASING = YES;
				CLANG_WARN_BOOL_CONVERSION = YES;
				CLANG_WARN_COMMA = YES;
				CLANG_WARN_CONSTANT_CONVERSION = YES;
				CLANG_WARN_DEPRECATED_OBJC_IMPLEMENTATIONS = YES;
				CLANG_WARN_DIRECT_OBJC_ISA_USAGE = YES_ERROR;
				CLANG_WARN_DOCUMENTATION_COMMENTS = YES;
				CLANG_WARN_EMPTY_BODY = YES;
				CLANG_WARN_ENUM_CONVERSION = YES;
				CLANG_WARN_INFINITE_RECURSION = YES;
				CLANG_WARN_INT_CONVERSION = YES;
				CLANG_WARN_NON_LITERAL_NULL_CONVERSION = YES;
				CLANG_WARN_OBJC_IMPLICIT_RETAIN_SELF = YES;
				CLANG_WARN_OBJC_LITERAL_CONVERSION = YES;
				CLANG_WARN_OBJC_ROOT_CLASS = YES_ERROR;
				CLANG_WARN_RANGE_LOOP_ANALYSIS = YES;
				CLANG_WARN_STRICT_PROTOTYPES = YES;
				CLANG_WARN_SUSPICIOUS_MOVE = YES;
				CLANG_WARN_UNGUARDED_AVAILABILITY = YES_AGGRESSIVE;
				CLANG_WARN_UNREACHABLE_CODE = YES;
				CLANG_WARN__DUPLICATE_METHOD_MATCH = YES;
				CODE_SIGN_IDENTITY = "iPhone Developer";
				COPY_PHASE_STRIP = NO;
				DEBUG_INFORMATION_FORMAT = "dwarf-with-dsym";
				ENABLE_NS_ASSERTIONS = NO;
				ENABLE_STRICT_OBJC_MSGSEND = YES;
				GCC_C_LANGUAGE_STANDARD = gnu11;
				GCC_NO_COMMON_BLOCKS = YES;
				GCC_WARN_64_TO_32_BIT_CONVERSION = YES;
				GCC_WARN_ABOUT_RETURN_TYPE = YES_ERROR;
				GCC_WARN_UNDECLARED_SELECTOR = YES;
				GCC_WARN_UNINITIALIZED_AUTOS = YES_AGGRESSIVE;
				GCC_WARN_UNUSED_FUNCTION = YES;
				GCC_WARN_UNUSED_VARIABLE = YES;
				IPHONEOS_DEPLOYMENT_TARGET = 11.4;
				MTL_ENABLE_DEBUG_INFO = NO;
				SDKROOT = iphoneos;
				SWIFT_COMPILATION_MODE = wholemodule;
				SWIFT_OPTIMIZATION_LEVEL = "-O";
				VALIDATE_PRODUCT = YES;
			};
			name = Release;
		};
		3F26183F219C0C70006ECEBF /* Debug */ = {
			isa = XCBuildConfiguration;
			buildSettings = {
				ASSETCATALOG_COMPILER_APPICON_NAME = AppIcon;
				CODE_SIGN_STYLE = Automatic;
				INFOPLIST_FILE = ZNLink/Info.plist;
				LD_RUNPATH_SEARCH_PATHS = (
					"$(inherited)",
					"@executable_path/Frameworks",
				);
				PRODUCT_BUNDLE_IDENTIFIER = Nix.ZNLink;
				PRODUCT_NAME = "$(TARGET_NAME)";
				SWIFT_VERSION = 4.0;
				TARGETED_DEVICE_FAMILY = "1,2";
			};
			name = Debug;
		};
		3F261840219C0C70006ECEBF /* Release */ = {
			isa = XCBuildConfiguration;
			buildSettings = {
				ASSETCATALOG_COMPILER_APPICON_NAME = AppIcon;
				CODE_SIGN_STYLE = Automatic;
				INFOPLIST_FILE = ZNLink/Info.plist;
				LD_RUNPATH_SEARCH_PATHS = (
					"$(inherited)",
					"@executable_path/Frameworks",
				);
				PRODUCT_BUNDLE_IDENTIFIER = Nix.ZNLink;
				PRODUCT_NAME = "$(TARGET_NAME)";
				SWIFT_VERSION = 4.0;
				TARGETED_DEVICE_FAMILY = "1,2";
			};
			name = Release;
		};
/* End XCBuildConfiguration section */

/* Begin XCConfigurationList section */
		3F261827219C0C6E006ECEBF /* Build configuration list for PBXProject "ZNLink" */ = {
			isa = XCConfigurationList;
			buildConfigurations = (
				3F26183C219C0C70006ECEBF /* Debug */,
				3F26183D219C0C70006ECEBF /* Release */,
			);
			defaultConfigurationIsVisible = 0;
			defaultConfigurationName = Release;
		};
		3F26183E219C0C70006ECEBF /* Build configuration list for PBXNativeTarget "ZNLink" */ = {
			isa = XCConfigurationList;
			buildConfigurations = (
				3F26183F219C0C70006ECEBF /* Debug */,
				3F261840219C0C70006ECEBF /* Release */,
			);
			defaultConfigurationIsVisible = 0;
			defaultConfigurationName = Release;
		};
/* End XCConfigurationList section */
	};
	rootObject = 3F261824219C0C6E006ECEBF /* Project object */;
}
